<Solution>
  <Folder Name="/src/">
    <Project Path="src/MelangeDB.Abstractions/MelangeDB.Abstractions.csproj" />
    <Project Path="src/MelangeDB.Client/MelangeDB.Client.csproj" />
    <Project Path="src/MelangeDB.Cluster/MelangeDB.Cluster.csproj" />
    <Project Path="src/MelangeDB.CodeGen/MelangeDB.CodeGen.csproj" />
    <Project Path="src/MelangeDB.Core/MelangeDB.Core.csproj" />
    <Project Path="src/MelangeDB.OpenTelemetry/MelangeDB.OpenTelemetry.csproj" />
    <Project Path="src/MelangeDB.Protocol/MelangeDB.Protocol.csproj" />
    <Project Path="src/MelangeDB.Server/MelangeDB.Server.csproj" />
    <Project Path="src/MelangeDB.Storage.Faster/MelangeDB.Storage.Faster.csproj" />
    <Project Path="src/MelangeDB.Storage.Postgres/MelangeDB.Storage.Postgres.csproj" />
  </Folder>
  <Folder Name="/tests/">
    <Project Path="tests/MelangeDB.Cluster.Tests/MelangeDB.Cluster.Tests.csproj" />
    <Project Path="tests/MelangeDB.CodeGen.Tests/MelangeDB.CodeGen.Tests.csproj" />
    <Project Path="tests/MelangeDB.Core.Tests/MelangeDB.Core.Tests.csproj" />
    <Project Path="tests/MelangeDB.Host.Tests/MelangeDB.Host.Tests.csproj" />
    <Project Path="tests/MelangeDB.Storage.Faster.Tests/MelangeDB.Storage.Faster.Tests.csproj" />
    <Project Path="tests/MelangeDB.Storage.Postgres.Tests/MelangeDB.Storage.Postgres.Tests.csproj" />
    <Project Path="tests/MelangeDB.Transport.Tests/MelangeDB.Transport.Tests.csproj" />
  </Folder>
  <Folder Name="/samples/">
    <Project Path="samples/MelangeDB.Sample.Client/MelangeDB.Sample.Client.csproj" />
    <Project Path="samples/MelangeDB.Sample.Worker/MelangeDB.Sample.Worker.csproj" />
  </Folder>
</Solution>
